// !$*UTF8*$!
{
	archiveVersion = 1;
	classes = {
	};
	objectVersion = 48;
	objects = {

/* Begin PBXBuildFile section */
		1C1562A11FD48E69008921B8 /* AppDelegate.swift in Sources */ = {isa = PBXBuildFile; fileRef = 1C1562A01FD48E69008921B8 /* AppDelegate.swift */; };
		1C1562A31FD48E69008921B8 /* ViewController.swift in Sources */ = {isa = PBXBuildFile; fileRef = 1C1562A21FD48E69008921B8 /* ViewController.swift */; };
		1C1562A61FD48E69008921B8 /* Main.storyboard in Resources */ = {isa = PBXBuildFile; fileRef = 1C1562A41FD48E69008921B8 /* Main.storyboard */; };
		1C1562A81FD48E69008921B8 /* Assets.xcassets in Resources */ = {isa = PBXBuildFile; fileRef = 1C1562A71FD48E69008921B8 /* Assets.xcassets */; };
		1C1562AB1FD48E69008921B8 /* LaunchScreen.storyboard in Resources */ = {isa = PBXBuildFile; fileRef = 1C1562A91FD48E69008921B8 /* LaunchScreen.storyboard */; };
		1C1562B61FD48E69008921B8 /* MFSYotiTests.swift in Sources */ = {isa = PBXBuildFile; fileRef = 1C1562B51FD48E69008921B8 /* MFSYotiTests.swift */; };
		1C1562C11FD48E69008921B8 /* MFSYotiUITests.swift in Sources */ = {isa = PBXBuildFile; fileRef = 1C1562C01FD48E69008921B8 /* MFSYotiUITests.swift */; };
		1C1562D61FD48F2D008921B8 /* MySuperCache.swift in Sources */ = {isa = PBXBuildFile; fileRef = 1C1562D21FD48F2D008921B8 /* MySuperCache.swift */; };
		1C1562D71FD48F2D008921B8 /* MFSController.swift in Sources */ = {isa = PBXBuildFile; fileRef = 1C1562D41FD48F2D008921B8 /* MFSController.swift */; };
		1C1562DC1FD5B762008921B8 /* MFSRequest.swift in Sources */ = {isa = PBXBuildFile; fileRef = 1C1562DB1FD5B762008921B8 /* MFSRequest.swift */; };
		1C1562DF1FD6BD96008921B8 /* MFSCollectionViewCell.swift in Sources */ = {isa = PBXBuildFile; fileRef = 1C1562DE1FD6BD96008921B8 /* MFSCollectionViewCell.swift */; };
		1C1562EF1FD6D0E8008921B8 /* MFSImage.swift in Sources */ = {isa = PBXBuildFile; fileRef = 1C1562EE1FD6D0E8008921B8 /* MFSImage.swift */; };
		1C1562F01FD6D0E8008921B8 /* MFSImage.swift in Sources */ = {isa = PBXBuildFile; fileRef = 1C1562EE1FD6D0E8008921B8 /* MFSImage.swift */; };
		1C1562F11FD6D0E8008921B8 /* MFSImage.swift in Sources */ = {isa = PBXBuildFile; fileRef = 1C1562EE1FD6D0E8008921B8 /* MFSImage.swift */; };
		1C1ECE431FD6F0940072B04B /* CALayer+ShadedRoundedLayer.m in Sources */ = {isa = PBXBuildFile; fileRef = 1C1ECE411FD6F0930072B04B /* CALayer+ShadedRoundedLayer.m */; };
		1C1ECE461FD6F5A00072B04B /* Refresh-icon.png in Resources */ = {isa = PBXBuildFile; fileRef = 1C1ECE451FD6F5A00072B04B /* Refresh-icon.png */; };
		1C1ECE481FD6FCD20072B04B /* MFSMySuperCacheTests.swift in Sources */ = {isa = PBXBuildFile; fileRef = 1C1ECE471FD6FCD20072B04B /* MFSMySuperCacheTests.swift */; };
		1C1ECE491FD6FD030072B04B /* MySuperCache.swift in Sources */ = {isa = PBXBuildFile; fileRef = 1C1562D21FD48F2D008921B8 /* MySuperCache.swift */; };
		1C9190A61FD97BE90045019B /* String+Utility.swift in Sources */ = {isa = PBXBuildFile; fileRef = 1C9190A51FD97BE90045019B /* String+Utility.swift */; };
		1CD9DFB11FD716A40091569D /* Yoti.png in Resources */ = {isa = PBXBuildFile; fileRef = 1CD9DFB01FD716A40091569D /* Yoti.png */; };
		1CD9DFB41FD82DBA0091569D /* ModelFactory.swift in Sources */ = {isa = PBXBuildFile; fileRef = 1CD9DFB31FD82DBA0091569D /* ModelFactory.swift */; };
/* End PBXBuildFile section */

/* Begin PBXContainerItemProxy section */
		1C1562B21FD48E69008921B8 /* PBXContainerItemProxy */ = {
			isa = PBXContainerItemProxy;
			containerPortal = 1C1562951FD48E69008921B8 /* Project object */;
			proxyType = 1;
			remoteGlobalIDString = 1C15629C1FD48E69008921B8;
			remoteInfo = MFSYoti;
		};
		1C1562BD1FD48E69008921B8 /* PBXContainerItemProxy */ = {
			isa = PBXContainerItemProxy;
			containerPortal = 1C1562951FD48E69008921B8 /* Project object */;
			proxyType = 1;
			remoteGlobalIDString = 1C15629C1FD48E69008921B8;
			remoteInfo = MFSYoti;
		};
/* End PBXContainerItemProxy section */

/* Begin PBXFileReference section */
		1C15629D1FD48E69008921B8 /* MFSYoti.app */ = {isa = PBXFileReference; explicitFileType = wrapper.application; includeInIndex = 0; path = MFSYoti.app; sourceTree = BUILT_PRODUCTS_DIR; };
		1C1562A01FD48E69008921B8 /* AppDelegate.swift */ = {isa = PBXFileReference; lastKnownFileType = sourcecode.swift; path = AppDelegate.swift; sourceTree = "<group>"; };
		1C1562A21FD48E69008921B8 /* ViewController.swift */ = {isa = PBXFileReference; lastKnownFileType = sourcecode.swift; path = ViewController.swift; sourceTree = "<group>"; };
		1C1562A51FD48E69008921B8 /* Base */ = {isa = PBXFileReference; lastKnownFileType = file.storyboard; name = Base; path = Base.lproj/Main.storyboard; sourceTree = "<group>"; };
		1C1562A71FD48E69008921B8 /* Assets.xcassets */ = {isa = PBXFileReference; lastKnownFileType = folder.assetcatalog; path = Assets.xcassets; sourceTree = "<group>"; };
		1C1562AA1FD48E69008921B8 /* Base */ = {isa = PBXFileReference; lastKnownFileType = file.storyboard; name = Base; path = Base.lproj/LaunchScreen.storyboard; sourceTree = "<group>"; };
		1C1562AC1FD48E69008921B8 /* Info.plist */ = {isa = PBXFileReference; lastKnownFileType = text.plist.xml; path = Info.plist; sourceTree = "<group>"; };
		1C1562B11FD48E69008921B8 /* MFSYotiTests.xctest */ = {isa = PBXFileReference; explicitFileType = wrapper.cfbundle; includeInIndex = 0; path = MFSYotiTests.xctest; sourceTree = BUILT_PRODUCTS_DIR; };
		1C1562B51FD48E69008921B8 /* MFSYotiTests.swift */ = {isa = PBXFileReference; lastKnownFileType = sourcecode.swift; path = MFSYotiTests.swift; sourceTree = "<group>"; };
		1C1562B71FD48E69008921B8 /* Info.plist */ = {isa = PBXFileReference; lastKnownFileType = text.plist.xml; path = Info.plist; sourceTree = "<group>"; };
		1C1562BC1FD48E69008921B8 /* MFSYotiUITests.xctest */ = {isa = PBXFileReference; explicitFileType = wrapper.cfbundle; includeInIndex = 0; path = MFSYotiUITests.xctest; sourceTree = BUILT_PRODUCTS_DIR; };
		1C1562C01FD48E69008921B8 /* MFSYotiUITests.swift */ = {isa = PBXFileReference; lastKnownFileType = sourcecode.swift; path = MFSYotiUITests.swift; sourceTree = "<group>"; };
		1C1562C21FD48E69008921B8 /* Info.plist */ = {isa = PBXFileReference; lastKnownFileType = text.plist.xml; path = Info.plist; sourceTree = "<group>"; };
		1C1562D21FD48F2D008921B8 /* MySuperCache.swift */ = {isa = PBXFileReference; fileEncoding = 4; lastKnownFileType = sourcecode.swift; path = MySuperCache.swift; sourceTree = "<group>"; };
		1C1562D41FD48F2D008921B8 /* MFSController.swift */ = {isa = PBXFileReference; fileEncoding = 4; lastKnownFileType = sourcecode.swift; path = MFSController.swift; sourceTree = "<group>"; };
		1C1562DB1FD5B762008921B8 /* MFSRequest.swift */ = {isa = PBXFileReference; fileEncoding = 4; lastKnownFileType = sourcecode.swift; path = MFSRequest.swift; sourceTree = "<group>"; };
		1C1562DE1FD6BD96008921B8 /* MFSCollectionViewCell.swift */ = {isa = PBXFileReference; lastKnownFileType = sourcecode.swift; path = MFSCollectionViewCell.swift; sourceTree = "<group>"; };
		1C1562EE1FD6D0E8008921B8 /* MFSImage.swift */ = {isa = PBXFileReference; fileEncoding = 4; lastKnownFileType = sourcecode.swift; path = MFSImage.swift; sourceTree = "<group>"; };
		1C1ECE401FD6F0920072B04B /* MFSYoti-Bridging-Header.h */ = {isa = PBXFileReference; lastKnownFileType = sourcecode.c.h; path = "MFSYoti-Bridging-Header.h"; sourceTree = "<group>"; };
		1C1ECE411FD6F0930072B04B /* CALayer+ShadedRoundedLayer.m */ = {isa = PBXFileReference; fileEncoding = 4; lastKnownFileType = sourcecode.c.objc; path = "CALayer+ShadedRoundedLayer.m"; sourceTree = "<group>"; };
		1C1ECE421FD6F0930072B04B /* CALayer+ShadedRoundedLayer.h */ = {isa = PBXFileReference; fileEncoding = 4; lastKnownFileType = sourcecode.c.h; path = "CALayer+ShadedRoundedLayer.h"; sourceTree = "<group>"; };
		1C1ECE451FD6F5A00072B04B /* Refresh-icon.png */ = {isa = PBXFileReference; lastKnownFileType = image.png; path = "Refresh-icon.png"; sourceTree = "<group>"; };
		1C1ECE471FD6FCD20072B04B /* MFSMySuperCacheTests.swift */ = {isa = PBXFileReference; lastKnownFileType = sourcecode.swift; path = MFSMySuperCacheTests.swift; sourceTree = "<group>"; };
		1C9190A51FD97BE90045019B /* String+Utility.swift */ = {isa = PBXFileReference; lastKnownFileType = sourcecode.swift; path = "String+Utility.swift"; sourceTree = "<group>"; };
		1CD9DFB01FD716A40091569D /* Yoti.png */ = {isa = PBXFileReference; lastKnownFileType = image.png; path = Yoti.png; sourceTree = "<group>"; };
		1CD9DFB31FD82DBA0091569D /* ModelFactory.swift */ = {isa = PBXFileReference; lastKnownFileType = sourcecode.swift; path = ModelFactory.swift; sourceTree = "<group>"; };
/* End PBXFileReference section */

/* Begin PBXFrameworksBuildPhase section */
		1C15629A1FD48E69008921B8 /* Frameworks */ = {
			isa = PBXFrameworksBuildPhase;
			buildActionMask = 2147483647;
			files = (
			);
			runOnlyForDeploymentPostprocessing = 0;
		};
		1C1562AE1FD48E69008921B8 /* Frameworks */ = {
			isa = PBXFrameworksBuildPhase;
			buildActionMask = 2147483647;
			files = (
			);
			runOnlyForDeploymentPostprocessing = 0;
		};
		1C1562B91FD48E69008921B8 /* Frameworks */ = {
			isa = PBXFrameworksBuildPhase;
			buildActionMask = 2147483647;
			files = (
			);
			runOnlyForDeploymentPostprocessing = 0;
		};
/* End PBXFrameworksBuildPhase section */

/* Begin PBXGroup section */
		1C1562941FD48E69008921B8 = {
			isa = PBXGroup;
			children = (
				1C15629F1FD48E69008921B8 /* MFSYoti */,
				1C1562B41FD48E69008921B8 /* MFSYotiTests */,
				1C1562BF1FD48E69008921B8 /* MFSYotiUITests */,
				1C15629E1FD48E69008921B8 /* Products */,
			);
			sourceTree = "<group>";
		};
		1C15629E1FD48E69008921B8 /* Products */ = {
			isa = PBXGroup;
			children = (
				1C15629D1FD48E69008921B8 /* MFSYoti.app */,
				1C1562B11FD48E69008921B8 /* MFSYotiTests.xctest */,
				1C1562BC1FD48E69008921B8 /* MFSYotiUITests.xctest */,
			);
			name = Products;
			sourceTree = "<group>";
		};
		1C15629F1FD48E69008921B8 /* MFSYoti */ = {
			isa = PBXGroup;
			children = (
				1C1ECE401FD6F0920072B04B /* MFSYoti-Bridging-Header.h */,
				1CD9DFB21FD82D9B0091569D /* ModelController */,
				1C1562DD1FD6BD74008921B8 /* View */,
				1C1562DA1FD5B762008921B8 /* Networking */,
				1C9190A41FD97B570045019B /* Extension */,
				1C1562D01FD48F2D008921B8 /* Entity */,
				1C1562A01FD48E69008921B8 /* AppDelegate.swift */,
				1C1562A41FD48E69008921B8 /* Main.storyboard */,
				1C1562A71FD48E69008921B8 /* Assets.xcassets */,
				1C9190A71FD97FC50045019B /* Supporting */,
				1C1562A91FD48E69008921B8 /* LaunchScreen.storyboard */,
				1C1562AC1FD48E69008921B8 /* Info.plist */,
			);
			path = MFSYoti;
			sourceTree = "<group>";
		};
		1C1562B41FD48E69008921B8 /* MFSYotiTests */ = {
			isa = PBXGroup;
			children = (
				1C1562B51FD48E69008921B8 /* MFSYotiTests.swift */,
				1C1562B71FD48E69008921B8 /* Info.plist */,
				1C1ECE471FD6FCD20072B04B /* MFSMySuperCacheTests.swift */,
			);
			path = MFSYotiTests;
			sourceTree = "<group>";
		};
		1C1562BF1FD48E69008921B8 /* MFSYotiUITests */ = {
			isa = PBXGroup;
			children = (
				1C1562C01FD48E69008921B8 /* MFSYotiUITests.swift */,
				1C1562C21FD48E69008921B8 /* Info.plist */,
			);
			path = MFSYotiUITests;
			sourceTree = "<group>";
		};
		1C1562D01FD48F2D008921B8 /* Entity */ = {
			isa = PBXGroup;
			children = (
				1C1562EE1FD6D0E8008921B8 /* MFSImage.swift */,
				1C1562D21FD48F2D008921B8 /* MySuperCache.swift */,
			);
			path = Entity;
			sourceTree = "<group>";
		};
		1C1562D31FD48F2D008921B8 /* MFSController */ = {
			isa = PBXGroup;
			children = (
				1C1562D41FD48F2D008921B8 /* MFSController.swift */,
			);
			path = MFSController;
			sourceTree = "<group>";
		};
		1C1562DA1FD5B762008921B8 /* Networking */ = {
			isa = PBXGroup;
			children = (
				1C1562D31FD48F2D008921B8 /* MFSController */,
				1C1562DB1FD5B762008921B8 /* MFSRequest.swift */,
			);
			path = Networking;
			sourceTree = "<group>";
		};
		1C1562DD1FD6BD74008921B8 /* View */ = {
			isa = PBXGroup;
			children = (
				1C1562A21FD48E69008921B8 /* ViewController.swift */,
				1C1562DE1FD6BD96008921B8 /* MFSCollectionViewCell.swift */,
			);
			path = View;
			sourceTree = "<group>";
		};
		1C1ECE441FD6F0980072B04B /* Custom CALayer */ = {
			isa = PBXGroup;
			children = (
				1C1ECE421FD6F0930072B04B /* CALayer+ShadedRoundedLayer.h */,
				1C1ECE411FD6F0930072B04B /* CALayer+ShadedRoundedLayer.m */,
			);
			path = "Custom CALayer";
			sourceTree = "<group>";
		};
		1C9190A41FD97B570045019B /* Extension */ = {
			isa = PBXGroup;
			children = (
				1C1ECE441FD6F0980072B04B /* Custom CALayer */,
				1C9190A51FD97BE90045019B /* String+Utility.swift */,
			);
			path = Extension;
			sourceTree = "<group>";
		};
		1C9190A71FD97FC50045019B /* Supporting */ = {
			isa = PBXGroup;
			children = (
				1CD9DFB01FD716A40091569D /* Yoti.png */,
				1C1ECE451FD6F5A00072B04B /* Refresh-icon.png */,
			);
			path = Supporting;
			sourceTree = "<group>";
		};
		1CD9DFB21FD82D9B0091569D /* ModelController */ = {
			isa = PBXGroup;
			children = (
				1CD9DFB31FD82DBA0091569D /* ModelFactory.swift */,
			);
			path = ModelController;
			sourceTree = "<group>";
		};
/* End PBXGroup section */

/* Begin PBXNativeTarget section */
		1C15629C1FD48E69008921B8 /* MFSYoti */ = {
			isa = PBXNativeTarget;
			buildConfigurationList = 1C1562C51FD48E69008921B8 /* Build configuration list for PBXNativeTarget "MFSYoti" */;
			buildPhases = (
				1C1562991FD48E69008921B8 /* Sources */,
				1C15629A1FD48E69008921B8 /* Frameworks */,
				1C15629B1FD48E69008921B8 /* Resources */,
			);
			buildRules = (
			);
			dependencies = (
			);
			name = MFSYoti;
			productName = MFSYoti;
			productReference = 1C15629D1FD48E69008921B8 /* MFSYoti.app */;
			productType = "com.apple.product-type.application";
		};
		1C1562B01FD48E69008921B8 /* MFSYotiTests */ = {
			isa = PBXNativeTarget;
			buildConfigurationList = 1C1562C81FD48E69008921B8 /* Build configuration list for PBXNativeTarget "MFSYotiTests" */;
			buildPhases = (
				1C1562AD1FD48E69008921B8 /* Sources */,
				1C1562AE1FD48E69008921B8 /* Frameworks */,
				1C1562AF1FD48E69008921B8 /* Resources */,
			);
			buildRules = (
			);
			dependencies = (
				1C1562B31FD48E69008921B8 /* PBXTargetDependency */,
			);
			name = MFSYotiTests;
			productName = MFSYotiTests;
			productReference = 1C1562B11FD48E69008921B8 /* MFSYotiTests.xctest */;
			productType = "com.apple.product-type.bundle.unit-test";
		};
		1C1562BB1FD48E69008921B8 /* MFSYotiUITests */ = {
			isa = PBXNativeTarget;
			buildConfigurationList = 1C1562CB1FD48E69008921B8 /* Build configuration list for PBXNativeTarget "MFSYotiUITests" */;
			buildPhases = (
				1C1562B81FD48E69008921B8 /* Sources */,
				1C1562B91FD48E69008921B8 /* Frameworks */,
				1C1562BA1FD48E69008921B8 /* Resources */,
			);
			buildRules = (
			);
			dependencies = (
				1C1562BE1FD48E69008921B8 /* PBXTargetDependency */,
			);
			name = MFSYotiUITests;
			productName = MFSYotiUITests;
			productReference = 1C1562BC1FD48E69008921B8 /* MFSYotiUITests.xctest */;
			productType = "com.apple.product-type.bundle.ui-testing";
		};
/* End PBXNativeTarget section */

/* Begin PBXProject section */
		1C1562951FD48E69008921B8 /* Project object */ = {
			isa = PBXProject;
			attributes = {
				LastSwiftUpdateCheck = 0910;
				LastUpgradeCheck = 0910;
				ORGANIZATIONNAME = "Nilofar Vahab poor";
				TargetAttributes = {
					1C15629C1FD48E69008921B8 = {
						CreatedOnToolsVersion = 9.1;
						LastSwiftMigration = 0910;
						ProvisioningStyle = Automatic;
					};
					1C1562B01FD48E69008921B8 = {
						CreatedOnToolsVersion = 9.1;
						ProvisioningStyle = Automatic;
						TestTargetID = 1C15629C1FD48E69008921B8;
					};
					1C1562BB1FD48E69008921B8 = {
						CreatedOnToolsVersion = 9.1;
						ProvisioningStyle = Automatic;
						TestTargetID = 1C15629C1FD48E69008921B8;
					};
				};
			};
			buildConfigurationList = 1C1562981FD48E69008921B8 /* Build configuration list for PBXProject "MFSYoti" */;
			compatibilityVersion = "Xcode 8.0";
			developmentRegion = en;
			hasScannedForEncodings = 0;
			knownRegions = (
				en,
				Base,
			);
			mainGroup = 1C1562941FD48E69008921B8;
			productRefGroup = 1C15629E1FD48E69008921B8 /* Products */;
			projectDirPath = "";
			projectRoot = "";
			targets = (
				1C15629C1FD48E69008921B8 /* MFSYoti */,
				1C1562B01FD48E69008921B8 /* MFSYotiTests */,
				1C1562BB1FD48E69008921B8 /* MFSYotiUITests */,
			);
		};
/* End PBXProject section */

/* Begin PBXResourcesBuildPhase section */
		1C15629B1FD48E69008921B8 /* Resources */ = {
			isa = PBXResourcesBuildPhase;
			buildActionMask = 2147483647;
			files = (
				1C1ECE461FD6F5A00072B04B /* Refresh-icon.png in Resources */,
				1C1562AB1FD48E69008921B8 /* LaunchScreen.storyboard in Resources */,
				1CD9DFB11FD716A40091569D /* Yoti.png in Resources */,
				1C1562A81FD48E69008921B8 /* Assets.xcassets in Resources */,
				1C1562A61FD48E69008921B8 /* Main.storyboard in Resources */,
			);
			runOnlyForDeploymentPostprocessing = 0;
		};
		1C1562AF1FD48E69008921B8 /* Resources */ = {
			isa = PBXResourcesBuildPhase;
			buildActionMask = 2147483647;
			files = (
			);
			runOnlyForDeploymentPostprocessing = 0;
		};
		1C1562BA1FD48E69008921B8 /* Resources */ = {
			isa = PBXResourcesBuildPhase;
			buildActionMask = 2147483647;
			files = (
			);
			runOnlyForDeploymentPostprocessing = 0;
		};
/* End PBXResourcesBuildPhase section */

/* Begin PBXSourcesBuildPhase section */
		1C1562991FD48E69008921B8 /* Sources */ = {
			isa = PBXSourcesBuildPhase;
			buildActionMask = 2147483647;
			files = (
				1C1562EF1FD6D0E8008921B8 /* MFSImage.swift in Sources */,
				1C1562D71FD48F2D008921B8 /* MFSController.swift in Sources */,
				1C1ECE431FD6F0940072B04B /* CALayer+ShadedRoundedLayer.m in Sources */,
				1C9190A61FD97BE90045019B /* String+Utility.swift in Sources */,
				1C1562A31FD48E69008921B8 /* ViewController.swift in Sources */,
				1C1562DC1FD5B762008921B8 /* MFSRequest.swift in Sources */,
				1CD9DFB41FD82DBA0091569D /* ModelFactory.swift in Sources */,
				1C1562D61FD48F2D008921B8 /* MySuperCache.swift in Sources */,
				1C1562A11FD48E69008921B8 /* AppDelegate.swift in Sources */,
				1C1562DF1FD6BD96008921B8 /* MFSCollectionViewCell.swift in Sources */,
			);
			runOnlyForDeploymentPostprocessing = 0;
		};
		1C1562AD1FD48E69008921B8 /* Sources */ = {
			isa = PBXSourcesBuildPhase;
			buildActionMask = 2147483647;
			files = (
				1C1ECE481FD6FCD20072B04B /* MFSMySuperCacheTests.swift in Sources */,
				1C1562F01FD6D0E8008921B8 /* MFSImage.swift in Sources */,
				1C1ECE491FD6FD030072B04B /* MySuperCache.swift in Sources */,
				1C1562B61FD48E69008921B8 /* MFSYotiTests.swift in Sources */,
			);
			runOnlyForDeploymentPostprocessing = 0;
		};
		1C1562B81FD48E69008921B8 /* Sources */ = {
			isa = PBXSourcesBuildPhase;
			buildActionMask = 2147483647;
			files = (
				1C1562F11FD6D0E8008921B8 /* MFSImage.swift in Sources */,
				1C1562C11FD48E69008921B8 /* MFSYotiUITests.swift in Sources */,
			);
			runOnlyForDeploymentPostprocessing = 0;
		};
/* End PBXSourcesBuildPhase section */

/* Begin PBXTargetDependency section */
		1C1562B31FD48E69008921B8 /* PBXTargetDependency */ = {
			isa = PBXTargetDependency;
			target = 1C15629C1FD48E69008921B8 /* MFSYoti */;
			targetProxy = 1C1562B21FD48E69008921B8 /* PBXContainerItemProxy */;
		};
		1C1562BE1FD48E69008921B8 /* PBXTargetDependency */ = {
			isa = PBXTargetDependency;
			target = 1C15629C1FD48E69008921B8 /* MFSYoti */;
			targetProxy = 1C1562BD1FD48E69008921B8 /* PBXContainerItemProxy */;
		};
/* End PBXTargetDependency section */

/* Begin PBXVariantGroup section */
		1C1562A41FD48E69008921B8 /* Main.storyboard */ = {
			isa = PBXVariantGroup;
			children = (
				1C1562A51FD48E69008921B8 /* Base */,
			);
			name = Main.storyboard;
			sourceTree = "<group>";
		};
		1C1562A91FD48E69008921B8 /* LaunchScreen.storyboard */ = {
			isa = PBXVariantGroup;
			children = (
				1C1562AA1FD48E69008921B8 /* Base */,
			);
			name = LaunchScreen.storyboard;
			sourceTree = "<group>";
		};
/* End PBXVariantGroup section */

/* Begin XCBuildConfiguration section */
		1C1562C31FD48E69008921B8 /* Debug */ = {
			isa = XCBuildConfiguration;
			buildSettings = {
				ALWAYS_SEARCH_USER_PATHS = NO;
				CLANG_ANALYZER_NONNULL = YES;
				CLANG_ANALYZER_NUMBER_OBJECT_CONVERSION = YES_AGGRESSIVE;
				CLANG_CXX_LANGUAGE_STANDARD = "gnu++14";
				CLANG_CXX_LIBRARY = "libc++";
				CLANG_ENABLE_MODULES = YES;
				CLANG_ENABLE_OBJC_ARC = YES;
				CLANG_WARN_BLOCK_CAPTURE_AUTORELEASING = YES;
				CLANG_WARN_BOOL_CONVERSION = YES;
				CLANG_WARN_COMMA = YES;
				CLANG_WARN_CONSTANT_CONVERSION = YES;
				CLANG_WARN_DIRECT_OBJC_ISA_USAGE = YES_ERROR;
				CLANG_WARN_DOCUMENTATION_COMMENTS = YES;
				CLANG_WARN_EMPTY_BODY = YES;
				CLANG_WARN_ENUM_CONVERSION = YES;
				CLANG_WARN_INFINITE_RECURSION = YES;
				CLANG_WARN_INT_CONVERSION = YES;
				CLANG_WARN_NON_LITERAL_NULL_CONVERSION = YES;
				CLANG_WARN_OBJC_LITERAL_CONVERSION = YES;
				CLANG_WARN_OBJC_ROOT_CLASS = YES_ERROR;
				CLANG_WARN_RANGE_LOOP_ANALYSIS = YES;
				CLANG_WARN_STRICT_PROTOTYPES = YES;
				CLANG_WARN_SUSPICIOUS_MOVE = YES;
				CLANG_WARN_UNGUARDED_AVAILABILITY = YES_AGGRESSIVE;
				CLANG_WARN_UNREACHABLE_CODE = YES;
				CLANG_WARN__DUPLICATE_METHOD_MATCH = YES;
				CODE_SIGN_IDENTITY = "iPhone Developer";
				COPY_PHASE_STRIP = NO;
				DEBUG_INFORMATION_FORMAT = dwarf;
				ENABLE_STRICT_OBJC_MSGSEND = YES;
				ENABLE_TESTABILITY = YES;
				GCC_C_LANGUAGE_STANDARD = gnu11;
				GCC_DYNAMIC_NO_PIC = NO;
				GCC_NO_COMMON_BLOCKS = YES;
				GCC_OPTIMIZATION_LEVEL = 0;
				GCC_PREPROCESSOR_DEFINITIONS = (
					"DEBUG=1",
					"$(inherited)",
				);
				GCC_WARN_64_TO_32_BIT_CONVERSION = YES;
				GCC_WARN_ABOUT_RETURN_TYPE = YES_ERROR;
				GCC_WARN_UNDECLARED_SELECTOR = YES;
				GCC_WARN_UNINITIALIZED_AUTOS = YES_AGGRESSIVE;
				GCC_WARN_UNUSED_FUNCTION = YES;
				GCC_WARN_UNUSED_VARIABLE = YES;
				IPHONEOS_DEPLOYMENT_TARGET = 11.1;
				MTL_ENABLE_DEBUG_INFO = YES;
				ONLY_ACTIVE_ARCH = YES;
				SDKROOT = iphoneos;
				SWIFT_ACTIVE_COMPILATION_CONDITIONS = DEBUG;
				SWIFT_OPTIMIZATION_LEVEL = "-Onone";
			};
			name = Debug;
		};
		1C1562C41FD48E69008921B8 /* Release */ = {
			isa = XCBuildConfiguration;
			buildSettings = {
				ALWAYS_SEARCH_USER_PATHS = NO;
				CLANG_ANALYZER_NONNULL = YES;
				CLANG_ANALYZER_NUMBER_OBJECT_CONVERSION = YES_AGGRESSIVE;
				CLANG_CXX_LANGUAGE_STANDARD = "gnu++14";
				CLANG_CXX_LIBRARY = "libc++";
				CLANG_ENABLE_MODULES = YES;
				CLANG_ENABLE_OBJC_ARC = YES;
				CLANG_WARN_BLOCK_CAPTURE_AUTORELEASING = YES;
				CLANG_WARN_BOOL_CONVERSION = YES;
				CLANG_WARN_COMMA = YES;
				CLANG_WARN_CONSTANT_CONVERSION = YES;
				CLANG_WARN_DIRECT_OBJC_ISA_USAGE = YES_ERROR;
				CLANG_WARN_DOCUMENTATION_COMMENTS = YES;
				CLANG_WARN_EMPTY_BODY = YES;
				CLANG_WARN_ENUM_CONVERSION = YES;
				CLANG_WARN_INFINITE_RECURSION = YES;
				CLANG_WARN_INT_CONVERSION = YES;
				CLANG_WARN_NON_LITERAL_NULL_CONVERSION = YES;
				CLANG_WARN_OBJC_LITERAL_CONVERSION = YES;
				CLANG_WARN_OBJC_ROOT_CLASS = YES_ERROR;
				CLANG_WARN_RANGE_LOOP_ANALYSIS = YES;
				CLANG_WARN_STRICT_PROTOTYPES = YES;
				CLANG_WARN_SUSPICIOUS_MOVE = YES;
				CLANG_WARN_UNGUARDED_AVAILABILITY = YES_AGGRESSIVE;
				CLANG_WARN_UNREACHABLE_CODE = YES;
				CLANG_WARN__DUPLICATE_METHOD_MATCH = YES;
				CODE_SIGN_IDENTITY = "iPhone Developer";
				COPY_PHASE_STRIP = NO;
				DEBUG_INFORMATION_FORMAT = "dwarf-with-dsym";
				ENABLE_NS_ASSERTIONS = NO;
				ENABLE_STRICT_OBJC_MSGSEND = YES;
				GCC_C_LANGUAGE_STANDARD = gnu11;
				GCC_NO_COMMON_BLOCKS = YES;
				GCC_WARN_64_TO_32_BIT_CONVERSION = YES;
				GCC_WARN_ABOUT_RETURN_TYPE = YES_ERROR;
				GCC_WARN_UNDECLARED_SELECTOR = YES;
				GCC_WARN_UNINITIALIZED_AUTOS = YES_AGGRESSIVE;
				GCC_WARN_UNUSED_FUNCTION = YES;
				GCC_WARN_UNUSED_VARIABLE = YES;
				IPHONEOS_DEPLOYMENT_TARGET = 11.1;
				MTL_ENABLE_DEBUG_INFO = NO;
				SDKROOT = iphoneos;
				SWIFT_OPTIMIZATION_LEVEL = "-Owholemodule";
				VALIDATE_PRODUCT = YES;
			};
			name = Release;
		};
		1C1562C61FD48E69008921B8 /* Debug */ = {
			isa = XCBuildConfiguration;
			buildSettings = {
				ASSETCATALOG_COMPILER_APPICON_NAME = AppIcon;
				CLANG_ENABLE_MODULES = YES;
				CODE_SIGN_STYLE = Automatic;
				DEVELOPMENT_TEAM = DX838A7T8Z;
				INFOPLIST_FILE = MFSYoti/Info.plist;
				LD_RUNPATH_SEARCH_PATHS = "$(inherited) @executable_path/Frameworks";
				PRODUCT_BUNDLE_IDENTIFIER = com.voxygen.MFSYoti;
				PRODUCT_NAME = "$(TARGET_NAME)";
				SWIFT_OBJC_BRIDGING_HEADER = "MFSYoti/MFSYoti-Bridging-Header.h";
				SWIFT_OPTIMIZATION_LEVEL = "-Onone";
				SWIFT_VERSION = 4.0;
				TARGETED_DEVICE_FAMILY = 1;
			};
			name = Debug;
		};
		1C1562C71FD48E69008921B8 /* Release */ = {
			isa = XCBuildConfiguration;
			buildSettings = {
				ASSETCATALOG_COMPILER_APPICON_NAME = AppIcon;
				CLANG_ENABLE_MODULES = YES;
				CODE_SIGN_STYLE = Automatic;
				DEVELOPMENT_TEAM = DX838A7T8Z;
				INFOPLIST_FILE = MFSYoti/Info.plist;
				LD_RUNPATH_SEARCH_PATHS = "$(inherited) @executable_path/Frameworks";
				PRODUCT_BUNDLE_IDENTIFIER = com.voxygen.MFSYoti;
				PRODUCT_NAME = "$(TARGET_NAME)";
				SWIFT_OBJC_BRIDGING_HEADER = "MFSYoti/MFSYoti-Bridging-Header.h";
				SWIFT_VERSION = 4.0;
				TARGETED_DEVICE_FAMILY = 1;
			};
			name = Release;
		};
		1C1562C91FD48E69008921B8 /* Debug */ = {
			isa = XCBuildConfiguration;
			buildSettings = {
				ALWAYS_EMBED_SWIFT_STANDARD_LIBRARIES = YES;
				BUNDLE_LOADER = "$(TEST_HOST)";
				CODE_SIGN_STYLE = Automatic;
				DEVELOPMENT_TEAM = DX838A7T8Z;
				INFOPLIST_FILE = MFSYotiTests/Info.plist;
				LD_RUNPATH_SEARCH_PATHS = "$(inherited) @executable_path/Frameworks @loader_path/Frameworks";
				PRODUCT_BUNDLE_IDENTIFIER = com.voxygen.MFSYotiTests;
				PRODUCT_NAME = "$(TARGET_NAME)";
				SWIFT_VERSION = 4.0;
				TARGETED_DEVICE_FAMILY = "1,2";
				TEST_HOST = "$(BUILT_PRODUCTS_DIR)/MFSYoti.app/MFSYoti";
			};
			name = Debug;
		};
		1C1562CA1FD48E69008921B8 /* Release */ = {
			isa = XCBuildConfiguration;
			buildSettings = {
				ALWAYS_EMBED_SWIFT_STANDARD_LIBRARIES = YES;
				BUNDLE_LOADER = "$(TEST_HOST)";
				CODE_SIGN_STYLE = Automatic;
				DEVELOPMENT_TEAM = DX838A7T8Z;
				INFOPLIST_FILE = MFSYotiTests/Info.plist;
				LD_RUNPATH_SEARCH_PATHS = "$(inherited) @executable_path/Frameworks @loader_path/Frameworks";
				PRODUCT_BUNDLE_IDENTIFIER = com.voxygen.MFSYotiTests;
				PRODUCT_NAME = "$(TARGET_NAME)";
				SWIFT_VERSION = 4.0;
				TARGETED_DEVICE_FAMILY = "1,2";
				TEST_HOST = "$(BUILT_PRODUCTS_DIR)/MFSYoti.app/MFSYoti";
			};
			name = Release;
		};
		1C1562CC1FD48E69008921B8 /* Debug */ = {
			isa = XCBuildConfiguration;
			buildSettings = {
				ALWAYS_EMBED_SWIFT_STANDARD_LIBRARIES = YES;
				CODE_SIGN_STYLE = Automatic;
				DEVELOPMENT_TEAM = DX838A7T8Z;
				INFOPLIST_FILE = MFSYotiUITests/Info.plist;
				LD_RUNPATH_SEARCH_PATHS = "$(inherited) @executable_path/Frameworks @loader_path/Frameworks";
				PRODUCT_BUNDLE_IDENTIFIER = com.voxygen.MFSYotiUITests;
				PRODUCT_NAME = "$(TARGET_NAME)";
				SWIFT_VERSION = 4.0;
				TARGETED_DEVICE_FAMILY = "1,2";
				TEST_TARGET_NAME = MFSYoti;
			};
			name = Debug;
		};
		1C1562CD1FD48E69008921B8 /* Release */ = {
			isa = XCBuildConfiguration;
			buildSettings = {
				ALWAYS_EMBED_SWIFT_STANDARD_LIBRARIES = YES;
				CODE_SIGN_STYLE = Automatic;
				DEVELOPMENT_TEAM = DX838A7T8Z;
				INFOPLIST_FILE = MFSYotiUITests/Info.plist;
				LD_RUNPATH_SEARCH_PATHS = "$(inherited) @executable_path/Frameworks @loader_path/Frameworks";
				PRODUCT_BUNDLE_IDENTIFIER = com.voxygen.MFSYotiUITests;
				PRODUCT_NAME = "$(TARGET_NAME)";
				SWIFT_VERSION = 4.0;
				TARGETED_DEVICE_FAMILY = "1,2";
				TEST_TARGET_NAME = MFSYoti;
			};
			name = Release;
		};
/* End XCBuildConfiguration section */

/* Begin XCConfigurationList section */
		1C1562981FD48E69008921B8 /* Build configuration list for PBXProject "MFSYoti" */ = {
			isa = XCConfigurationList;
			buildConfigurations = (
				1C1562C31FD48E69008921B8 /* Debug */,
				1C1562C41FD48E69008921B8 /* Release */,
			);
			defaultConfigurationIsVisible = 0;
			defaultConfigurationName = Release;
		};
		1C1562C51FD48E69008921B8 /* Build configuration list for PBXNativeTarget "MFSYoti" */ = {
			isa = XCConfigurationList;
			buildConfigurations = (
				1C1562C61FD48E69008921B8 /* Debug */,
				1C1562C71FD48E69008921B8 /* Release */,
			);
			defaultConfigurationIsVisible = 0;
			defaultConfigurationName = Release;
		};
		1C1562C81FD48E69008921B8 /* Build configuration list for PBXNativeTarget "MFSYotiTests" */ = {
			isa = XCConfigurationList;
			buildConfigurations = (
				1C1562C91FD48E69008921B8 /* Debug */,
				1C1562CA1FD48E69008921B8 /* Release */,
			);
			defaultConfigurationIsVisible = 0;
			defaultConfigurationName = Release;
		};
		1C1562CB1FD48E69008921B8 /* Build configuration list for PBXNativeTarget "MFSYotiUITests" */ = {
			isa = XCConfigurationList;
			buildConfigurations = (
				1C1562CC1FD48E69008921B8 /* Debug */,
				1C1562CD1FD48E69008921B8 /* Release */,
			);
			defaultConfigurationIsVisible = 0;
			defaultConfigurationName = Release;
		};
/* End XCConfigurationList section */
	};
	rootObject = 1C1562951FD48E69008921B8 /* Project object */;
}
